{
  "requires": true,
  "lockfileVersion": 1,
  "dependencies": {
    "lodash": {
      "version": "4.17.15",
      "resolved": "https://registry.npmjs.org/lodash/-/lodash-4.17.15.tgz",
      "integrity": "sha512-8xOcRHvCjnocdS5cpwXQXVzmmh5e5+saE2QGoeQmbKmRS6J3VQppPOIt0MnmE+4xlZoumy0GPG0D0MVIQbNA1A=="
    },
    "vue": {
      "version": "2.6.11",
      "resolved": "https://registry.npm.taobao.org/vue/download/vue-2.6.11.tgz"
    },
    "vue-jsx": {
      "version": "0.2.8",
      "resolved": "https://registry.npmjs.org/vue-jsx/-/vue-jsx-0.2.8.tgz",
      "integrity": "sha512-CDID3D5Yp9CtlIP9EJuL30XHYtgtF/gIsSpZSDKxhpJbgRt/S/BQ8ej5y5NonfOw5Egw0OSnAZbJR18JTbs2YA==",
      "requires": {
        "vue": "^2.5.17"
      }
    }
  }
}
